
Microsoft Visual Studio Solution File, Format Version 12.00
# Visual Studio Version 16
VisualStudioVersion = 16.0.29215.179
MinimumVisualStudioVersion = 10.0.40219.1
Project("{FAE04EC0-301F-11D3-BF4B-00C04F79EFBC}") = "ArchiviazioneTrilogis", "ArchiviazioneTrilogis\ArchiviazioneTrilogis.csproj", "{128CA433-35A8-47CA-887F-4846D83CDA05}"
EndProject
Global
	GlobalSection(SolutionConfigurationPlatforms) = preSolution
		Debug|Any CPU = Debug|Any CPU
		Release|Any CPU = Release|Any CPU
	EndGlobalSection
	GlobalSection(ProjectConfigurationPlatforms) = postSolution
		{128CA433-35A8-47CA-887F-4846D83CDA05}.Debug|Any CPU.ActiveCfg = Debug|Any CPU
		{128CA433-35A8-47CA-887F-4846D83CDA05}.Debug|Any CPU.Build.0 = Debug|Any CPU
		{128CA433-35A8-47CA-887F-4846D83CDA05}.Release|Any CPU.ActiveCfg = Release|Any CPU
		{128CA433-35A8-47CA-887F-4846D83CDA05}.Release|Any CPU.Build.0 = Release|Any CPU
	EndGlobalSection
	GlobalSection(SolutionProperties) = preSolution
		HideSolutionNode = FALSE
	EndGlobalSection
	GlobalSection(ExtensibilityGlobals) = postSolution
		SolutionGuid = {0F7B4119-7398-4717-B6A7-D552FA36FCE2}
	EndGlobalSection
EndGlobal
